// !$*UTF8*$!
{
	archiveVersion = 1;
	classes = {
	};
	objectVersion = 56;
	objects = {

/* Begin PBXBuildFile section */
		AA000001 /* AIStockAppApp.swift in Sources */ = {isa = PBXBuildFile; fileRef = AB000001 /* AIStockAppApp.swift */; };
		AA000002 /* ContentView.swift in Sources */ = {isa = PBXBuildFile; fileRef = AB000002 /* Stock.swift */; };
		AA000003 /* KLineData.swift in Sources */ = {isa = PBXBuildFile; fileRef = AB000003 /* KLineData.swift */; };
		AA000004 /* NewsItem.swift in Sources */ = {isa = PBXBuildFile; fileRef = AB000004 /* NewsItem.swift */; };
		AA000005 /* ChatMessage.swift in Sources */ = {isa = PBXBuildFile; fileRef = AB000005 /* ChatMessage.swift */; };
		AA000006 /* StockService.swift in Sources */ = {isa = PBXBuildFile; fileRef = AB000006 /* StockService.swift */; };
		AA000007 /* NewsService.swift in Sources */ = {isa = PBXBuildFile; fileRef = AB000007 /* NewsService.swift */; };
		AA000008 /* DeepSeekService.swift in Sources */ = {isa = PBXBuildFile; fileRef = AB000008 /* DeepSeekService.swift */; };
		AA000009 /* WatchlistViewModel.swift in Sources */ = {isa = PBXBuildFile; fileRef = AB000009 /* WatchlistViewModel.swift */; };
		AA000010 /* NewsViewModel.swift in Sources */ = {isa = PBXBuildFile; fileRef = AB000010 /* NewsViewModel.swift */; };
		AA000011 /* ChatViewModel.swift in Sources */ = {isa = PBXBuildFile; fileRef = AB000011 /* ChatViewModel.swift */; };
		AA000012 /* MainTabView.swift in Sources */ = {isa = PBXBuildFile; fileRef = AB000012 /* MainTabView.swift */; };
		AA000013 /* WatchlistView.swift in Sources */ = {isa = PBXBuildFile; fileRef = AB000013 /* WatchlistView.swift */; };
		AA000014 /* StockRowView.swift in Sources */ = {isa = PBXBuildFile; fileRef = AB000014 /* StockRowView.swift */; };
		AA000015 /* StockDetailView.swift in Sources */ = {isa = PBXBuildFile; fileRef = AB000015 /* StockDetailView.swift */; };
		AA000016 /* NewsListView.swift in Sources */ = {isa = PBXBuildFile; fileRef = AB000016 /* NewsListView.swift */; };
		AA000017 /* NewsRowView.swift in Sources */ = {isa = PBXBuildFile; fileRef = AB000017 /* NewsRowView.swift */; };
		AA000018 /* KLineChartView.swift in Sources */ = {isa = PBXBuildFile; fileRef = AB000018 /* KLineChartView.swift */; };
		AA000019 /* AIChatView.swift in Sources */ = {isa = PBXBuildFile; fileRef = AB000019 /* AIChatView.swift */; };
		AA000020 /* SettingsView.swift in Sources */ = {isa = PBXBuildFile; fileRef = AB000020 /* SettingsView.swift */; };
		AA000021 /* Assets.xcassets in Resources */ = {isa = PBXBuildFile; fileRef = AB000021 /* Assets.xcassets */; };
		AA000022 /* StockChartView.swift in Sources */ = {isa = PBXBuildFile; fileRef = AB000022sc /* StockChartView.swift */; };
/* End PBXBuildFile section */

/* Begin PBXFileReference section */
		AB000001 /* AIStockAppApp.swift */ = {isa = PBXFileReference; lastKnownFileType = sourcecode.swift; path = AIStockAppApp.swift; sourceTree = "<group>"; };
		AB000002 /* Stock.swift */ = {isa = PBXFileReference; lastKnownFileType = sourcecode.swift; path = Stock.swift; sourceTree = "<group>"; };
		AB000003 /* KLineData.swift */ = {isa = PBXFileReference; lastKnownFileType = sourcecode.swift; path = KLineData.swift; sourceTree = "<group>"; };
		AB000004 /* NewsItem.swift */ = {isa = PBXFileReference; lastKnownFileType = sourcecode.swift; path = NewsItem.swift; sourceTree = "<group>"; };
		AB000005 /* ChatMessage.swift */ = {isa = PBXFileReference; lastKnownFileType = sourcecode.swift; path = ChatMessage.swift; sourceTree = "<group>"; };
		AB000006 /* StockService.swift */ = {isa = PBXFileReference; lastKnownFileType = sourcecode.swift; path = StockService.swift; sourceTree = "<group>"; };
		AB000007 /* NewsService.swift */ = {isa = PBXFileReference; lastKnownFileType = sourcecode.swift; path = NewsService.swift; sourceTree = "<group>"; };
		AB000008 /* DeepSeekService.swift */ = {isa = PBXFileReference; lastKnownFileType = sourcecode.swift; path = DeepSeekService.swift; sourceTree = "<group>"; };
		AB000009 /* WatchlistViewModel.swift */ = {isa = PBXFileReference; lastKnownFileType = sourcecode.swift; path = WatchlistViewModel.swift; sourceTree = "<group>"; };
		AB000010 /* NewsViewModel.swift */ = {isa = PBXFileReference; lastKnownFileType = sourcecode.swift; path = NewsViewModel.swift; sourceTree = "<group>"; };
		AB000011 /* ChatViewModel.swift */ = {isa = PBXFileReference; lastKnownFileType = sourcecode.swift; path = ChatViewModel.swift; sourceTree = "<group>"; };
		AB000012 /* MainTabView.swift */ = {isa = PBXFileReference; lastKnownFileType = sourcecode.swift; path = MainTabView.swift; sourceTree = "<group>"; };
		AB000013 /* WatchlistView.swift */ = {isa = PBXFileReference; lastKnownFileType = sourcecode.swift; path = WatchlistView.swift; sourceTree = "<group>"; };
		AB000014 /* StockRowView.swift */ = {isa = PBXFileReference; lastKnownFileType = sourcecode.swift; path = StockRowView.swift; sourceTree = "<group>"; };
		AB000015 /* StockDetailView.swift */ = {isa = PBXFileReference; lastKnownFileType = sourcecode.swift; path = StockDetailView.swift; sourceTree = "<group>"; };
		AB000016 /* NewsListView.swift */ = {isa = PBXFileReference; lastKnownFileType = sourcecode.swift; path = NewsListView.swift; sourceTree = "<group>"; };
		AB000017 /* NewsRowView.swift */ = {isa = PBXFileReference; lastKnownFileType = sourcecode.swift; path = NewsRowView.swift; sourceTree = "<group>"; };
		AB000018 /* KLineChartView.swift */ = {isa = PBXFileReference; lastKnownFileType = sourcecode.swift; path = KLineChartView.swift; sourceTree = "<group>"; };
		AB000019 /* AIChatView.swift */ = {isa = PBXFileReference; lastKnownFileType = sourcecode.swift; path = AIChatView.swift; sourceTree = "<group>"; };
		AB000020 /* SettingsView.swift */ = {isa = PBXFileReference; lastKnownFileType = sourcecode.swift; path = SettingsView.swift; sourceTree = "<group>"; };
		AB000021 /* Assets.xcassets */ = {isa = PBXFileReference; lastKnownFileType = folder.assetcatalog; path = Assets.xcassets; sourceTree = "<group>"; };
		AB000022 /* Info.plist */ = {isa = PBXFileReference; lastKnownFileType = text.plist.xml; path = Info.plist; sourceTree = "<group>"; };
		AB000022sc /* StockChartView.swift */ = {isa = PBXFileReference; lastKnownFileType = sourcecode.swift; path = StockChartView.swift; sourceTree = "<group>"; };
		AB000099 /* AIStockApp.app */ = {isa = PBXFileReference; explicitFileType = wrapper.application; includeInIndex = 0; path = AIStockApp.app; sourceTree = BUILT_PRODUCTS_DIR; };
/* End PBXFileReference section */

/* Begin PBXFrameworksBuildPhase section */
		AC000001 /* Frameworks */ = {
			isa = PBXFrameworksBuildPhase;
			buildActionMask = 2147483647;
			files = (
			);
			runOnlyForDeploymentPostprocessing = 0;
		};
/* End PBXFrameworksBuildPhase section */

/* Begin PBXGroup section */
		AD000000 /* = */ = {
			isa = PBXGroup;
			children = (
				AD000001 /* AIStockApp */,
				AD000099 /* Products */,
			);
			sourceTree = "<group>";
		};
		AD000001 /* AIStockApp */ = {
			isa = PBXGroup;
			children = (
				AB000001 /* AIStockAppApp.swift */,
				AB000022 /* Info.plist */,
				AB000021 /* Assets.xcassets */,
				AD000010 /* Models */,
				AD000020 /* Services */,
				AD000030 /* ViewModels */,
				AD000040 /* Views */,
			);
			path = AIStockApp;
			sourceTree = "<group>";
		};
		AD000010 /* Models */ = {
			isa = PBXGroup;
			children = (
				AB000002 /* Stock.swift */,
				AB000003 /* KLineData.swift */,
				AB000004 /* NewsItem.swift */,
				AB000005 /* ChatMessage.swift */,
			);
			path = Models;
			sourceTree = "<group>";
		};
		AD000020 /* Services */ = {
			isa = PBXGroup;
			children = (
				AB000006 /* StockService.swift */,
				AB000007 /* NewsService.swift */,
				AB000008 /* DeepSeekService.swift */,
			);
			path = Services;
			sourceTree = "<group>";
		};
		AD000030 /* ViewModels */ = {
			isa = PBXGroup;
			children = (
				AB000009 /* WatchlistViewModel.swift */,
				AB000010 /* NewsViewModel.swift */,
				AB000011 /* ChatViewModel.swift */,
			);
			path = ViewModels;
			sourceTree = "<group>";
		};
		AD000040 /* Views */ = {
			isa = PBXGroup;
			children = (
				AB000012 /* MainTabView.swift */,
				AD000041 /* Watchlist */,
				AD000042 /* News */,
				AD000043 /* Chart */,
				AD000044 /* AI */,
				AD000045 /* Settings */,
			);
			path = Views;
			sourceTree = "<group>";
		};
		AD000041 /* Watchlist */ = {
			isa = PBXGroup;
			children = (
				AB000013 /* WatchlistView.swift */,
				AB000014 /* StockRowView.swift */,
				AB000015 /* StockDetailView.swift */,
			);
			path = Watchlist;
			sourceTree = "<group>";
		};
		AD000042 /* News */ = {
			isa = PBXGroup;
			children = (
				AB000016 /* NewsListView.swift */,
				AB000017 /* NewsRowView.swift */,
			);
			path = News;
			sourceTree = "<group>";
		};
		AD000043 /* Chart */ = {
			isa = PBXGroup;
			children = (
				AB000018 /* KLineChartView.swift */,
				AB000022sc /* StockChartView.swift */,
			);
			path = Chart;
			sourceTree = "<group>";
		};
		AD000044 /* AI */ = {
			isa = PBXGroup;
			children = (
				AB000019 /* AIChatView.swift */,
			);
			path = AI;
			sourceTree = "<group>";
		};
		AD000045 /* Settings */ = {
			isa = PBXGroup;
			children = (
				AB000020 /* SettingsView.swift */,
			);
			path = Settings;
			sourceTree = "<group>";
		};
		AD000099 /* Products */ = {
			isa = PBXGroup;
			children = (
				AB000099 /* AIStockApp.app */,
			);
			name = Products;
			sourceTree = "<group>";
		};
/* End PBXGroup section */

/* Begin PBXNativeTarget section */
		AE000001 /* AIStockApp */ = {
			isa = PBXNativeTarget;
			buildConfigurationList = AF000001 /* Build configuration list for PBXNativeTarget "AIStockApp" */;
			buildPhases = (
				AG000001 /* Sources */,
				AC000001 /* Frameworks */,
				AH000001 /* Resources */,
			);
			buildRules = (
			);
			dependencies = (
			);
			name = AIStockApp;
			productName = AIStockApp;
			productReference = AB000099 /* AIStockApp.app */;
			productType = "com.apple.product-type.application";
		};
/* End PBXNativeTarget section */

/* Begin PBXProject section */
		AJ000001 /* Project object */ = {
			isa = PBXProject;
			attributes = {
				BuildIndependentTargetsInParallel = 1;
				LastSwiftUpdateCheck = 1500;
				LastUpgradeCheck = 1500;
				TargetAttributes = {
					AE000001 = {
						CreatedOnToolsVersion = 15.0;
					};
				};
			};
			buildConfigurationList = AF000002 /* Build configuration list for PBXProject "AIStockApp" */;
			compatibilityVersion = "Xcode 14.0";
			developmentRegion = zh_CN;
			hasScannedForEncodings = 0;
			knownRegions = (
				en,
				zh_CN,
				Base,
			);
			mainGroup = AD000000;
			productRefGroup = AD000099 /* Products */;
			projectDirPath = "";
			projectRoot = "";
			targets = (
				AE000001 /* AIStockApp */,
			);
		};
/* End PBXProject section */

/* Begin PBXResourcesBuildPhase section */
		AH000001 /* Resources */ = {
			isa = PBXResourcesBuildPhase;
			buildActionMask = 2147483647;
			files = (
				AA000021 /* Assets.xcassets in Resources */,
			);
			runOnlyForDeploymentPostprocessing = 0;
		};
/* End PBXResourcesBuildPhase section */

/* Begin PBXSourcesBuildPhase section */
		AG000001 /* Sources */ = {
			isa = PBXSourcesBuildPhase;
			buildActionMask = 2147483647;
			files = (
				AA000001 /* AIStockAppApp.swift in Sources */,
				AA000002 /* ContentView.swift in Sources */,
				AA000003 /* KLineData.swift in Sources */,
				AA000004 /* NewsItem.swift in Sources */,
				AA000005 /* ChatMessage.swift in Sources */,
				AA000006 /* StockService.swift in Sources */,
				AA000007 /* NewsService.swift in Sources */,
				AA000008 /* DeepSeekService.swift in Sources */,
				AA000009 /* WatchlistViewModel.swift in Sources */,
				AA000010 /* NewsViewModel.swift in Sources */,
				AA000011 /* ChatViewModel.swift in Sources */,
				AA000012 /* MainTabView.swift in Sources */,
				AA000013 /* WatchlistView.swift in Sources */,
				AA000014 /* StockRowView.swift in Sources */,
				AA000015 /* StockDetailView.swift in Sources */,
				AA000016 /* NewsListView.swift in Sources */,
				AA000017 /* NewsRowView.swift in Sources */,
				AA000018 /* KLineChartView.swift in Sources */,
				AA000022 /* StockChartView.swift in Sources */,
				AA000019 /* AIChatView.swift in Sources */,
				AA000020 /* SettingsView.swift in Sources */,
			);
			runOnlyForDeploymentPostprocessing = 0;
		};
/* End PBXSourcesBuildPhase section */

/* Begin XCBuildConfiguration section */
		AF000010 /* Debug */ = {
			isa = XCBuildConfiguration;
			buildSettings = {
				ALWAYS_SEARCH_USER_PATHS = NO;
				ASSETCATALOG_COMPILER_GENERATE_SWIFT_ASSET_SYMBOL_EXTENSIONS = YES;
				CLANG_ANALYZER_NONNULL = YES;
				CLANG_ANALYZER_NUMBER_OBJECT_CONVERSION = YES_AGGRESSIVE;
				CLANG_CXX_LANGUAGE_STANDARD = "gnu++20";
				CLANG_ENABLE_MODULES = YES;
				CLANG_ENABLE_OBJC_ARC = YES;
				CLANG_ENABLE_OBJC_WEAK = YES;
				CLANG_WARN_BLOCK_CAPTURE_AUTORELEASING = YES;
				CLANG_WARN_BOOL_CONVERSION = YES;
				CLANG_WARN_COMMA = YES;
				CLANG_WARN_CONSTANT_CONVERSION = YES;
				CLANG_WARN_DEPRECATED_OBJC_IMPLEMENTATIONS = YES;
				CLANG_WARN_DIRECT_OBJC_ISA_USAGE = YES_ERROR;
				CLANG_WARN_DOCUMENTATION_COMMENTS = YES;
				CLANG_WARN_EMPTY_BODY = YES;
				CLANG_WARN_ENUM_CONVERSION = YES;
				CLANG_WARN_INFINITE_RECURSION = YES;
				CLANG_WARN_INT_CONVERSION = YES;
				CLANG_WARN_NON_LITERAL_NULL_CONVERSION = YES;
				CLANG_WARN_OBJC_IMPLICIT_RETAIN_SELF = YES;
				CLANG_WARN_OBJC_LITERAL_CONVERSION = YES;
				CLANG_WARN_OBJC_ROOT_CLASS = YES_ERROR;
				CLANG_WARN_QUOTED_INCLUDE_IN_FRAMEWORK_HEADER = YES;
				CLANG_WARN_RANGE_LOOP_ANALYSIS = YES;
				CLANG_WARN_STRICT_PROTOTYPES = YES;
				CLANG_WARN_SUSPICIOUS_MOVE = YES;
				CLANG_WARN_UNGUARDED_AVAILABILITY = YES_AGGRESSIVE;
				CLANG_WARN_UNREACHABLE_CODE = YES;
				CLANG_WARN__DUPLICATE_METHOD_MATCH = YES;
				COPY_PHASE_STRIP = NO;
				DEBUG_INFORMATION_FORMAT = dwarf;
				ENABLE_STRICT_OBJC_MSGSEND = YES;
				ENABLE_TESTABILITY = YES;
				ENABLE_USER_SCRIPT_SANDBOXING = YES;
				GCC_C_LANGUAGE_STANDARD = gnu17;
				GCC_DYNAMIC_NO_PIC = NO;
				GCC_NO_COMMON_BLOCKS = YES;
				GCC_OPTIMIZATION_LEVEL = 0;
				GCC_PREPROCESSOR_DEFINITIONS = (
					"DEBUG=1",
					"$(inherited)",
				);
				GCC_WARN_64_TO_32_BIT_CONVERSION = YES;
				GCC_WARN_ABOUT_RETURN_TYPE = YES_ERROR;
				GCC_WARN_UNDECLARED_SELECTOR = YES;
				GCC_WARN_UNINITIALIZED_AUTOS = YES_AGGRESSIVE;
				GCC_WARN_UNUSED_FUNCTION = YES;
				GCC_WARN_UNUSED_VARIABLE = YES;
				IPHONEOS_DEPLOYMENT_TARGET = 16.0;
				MTL_ENABLE_DEBUG_INFO = INCLUDE_SOURCE;
				MTL_FAST_MATH = YES;
				ONLY_ACTIVE_ARCH = YES;
				SDKROOT = iphoneos;
				SWIFT_ACTIVE_COMPILATION_CONDITIONS = DEBUG;
				SWIFT_OPTIMIZATION_LEVEL = "-Onone";
			};
			name = Debug;
		};
		AF000011 /* Release */ = {
			isa = XCBuildConfiguration;
			buildSettings = {
				ALWAYS_SEARCH_USER_PATHS = NO;
				ASSETCATALOG_COMPILER_GENERATE_SWIFT_ASSET_SYMBOL_EXTENSIONS = YES;
				CLANG_ANALYZER_NONNULL = YES;
				CLANG_ANALYZER_NUMBER_OBJECT_CONVERSION = YES_AGGRESSIVE;
				CLANG_CXX_LANGUAGE_STANDARD = "gnu++20";
				CLANG_ENABLE_MODULES = YES;
				CLANG_ENABLE_OBJC_ARC = YES;
				CLANG_ENABLE_OBJC_WEAK = YES;
				CLANG_WARN_BLOCK_CAPTURE_AUTORELEASING = YES;
				CLANG_WARN_BOOL_CONVERSION = YES;
				CLANG_WARN_COMMA = YES;
				CLANG_WARN_CONSTANT_CONVERSION = YES;
				CLANG_WARN_DEPRECATED_OBJC_IMPLEMENTATIONS = YES;
				CLANG_WARN_DIRECT_OBJC_ISA_USAGE = YES_ERROR;
				CLANG_WARN_DOCUMENTATION_COMMENTS = YES;
				CLANG_WARN_EMPTY_BODY = YES;
				CLANG_WARN_ENUM_CONVERSION = YES;
				CLANG_WARN_INFINITE_RECURSION = YES;
				CLANG_WARN_INT_CONVERSION = YES;
				CLANG_WARN_NON_LITERAL_NULL_CONVERSION = YES;
				CLANG_WARN_OBJC_IMPLICIT_RETAIN_SELF = YES;
				CLANG_WARN_OBJC_LITERAL_CONVERSION = YES;
				CLANG_WARN_OBJC_ROOT_CLASS = YES_ERROR;
				CLANG_WARN_QUOTED_INCLUDE_IN_FRAMEWORK_HEADER = YES;
				CLANG_WARN_RANGE_LOOP_ANALYSIS = YES;
				CLANG_WARN_STRICT_PROTOTYPES = YES;
				CLANG_WARN_SUSPICIOUS_MOVE = YES;
				CLANG_WARN_UNGUARDED_AVAILABILITY = YES_AGGRESSIVE;
				CLANG_WARN_UNREACHABLE_CODE = YES;
				CLANG_WARN__DUPLICATE_METHOD_MATCH = YES;
				COPY_PHASE_STRIP = NO;
				DEBUG_INFORMATION_FORMAT = "dwarf-with-dsym";
				ENABLE_NS_ASSERTIONS = NO;
				ENABLE_STRICT_OBJC_MSGSEND = YES;
				ENABLE_USER_SCRIPT_SANDBOXING = YES;
				GCC_C_LANGUAGE_STANDARD = gnu17;
				GCC_NO_COMMON_BLOCKS = YES;
				GCC_WARN_64_TO_32_BIT_CONVERSION = YES;
				GCC_WARN_ABOUT_RETURN_TYPE = YES_ERROR;
				GCC_WARN_UNDECLARED_SELECTOR = YES;
				GCC_WARN_UNINITIALIZED_AUTOS = YES_AGGRESSIVE;
				GCC_WARN_UNUSED_FUNCTION = YES;
				GCC_WARN_UNUSED_VARIABLE = YES;
				IPHONEOS_DEPLOYMENT_TARGET = 16.0;
				MTL_ENABLE_DEBUG_INFO = NO;
				MTL_FAST_MATH = YES;
				SDKROOT = iphoneos;
				SWIFT_COMPILATION_MODE = wholemodule;
				VALIDATE_PRODUCT = YES;
			};
			name = Release;
		};
		AF000020 /* Debug */ = {
			isa = XCBuildConfiguration;
			buildSettings = {
				ASSETCATALOG_COMPILER_APPICON_NAME = AppIcon;
				ASSETCATALOG_COMPILER_GLOBAL_ACCENT_COLOR_NAME = AccentColor;
				CODE_SIGN_STYLE = Automatic;
				CURRENT_PROJECT_VERSION = 1;
				DEVELOPMENT_TEAM = "";
				GENERATE_INFOPLIST_FILE = NO;
				INFOPLIST_FILE = AIStockApp/Info.plist;
				IPHONEOS_DEPLOYMENT_TARGET = 16.0;
				LD_RUNPATH_SEARCH_PATHS = (
					"$(inherited)",
					"@executable_path/Frameworks",
				);
				MARKETING_VERSION = 1.0;
				PRODUCT_BUNDLE_IDENTIFIER = com.aistock.app;
				PRODUCT_NAME = "$(TARGET_NAME)";
				SWIFT_EMIT_LOC_STRINGS = YES;
				SWIFT_VERSION = 5.0;
				TARGETED_DEVICE_FAMILY = "1,2";
			};
			name = Debug;
		};
		AF000021 /* Release */ = {
			isa = XCBuildConfiguration;
			buildSettings = {
				ASSETCATALOG_COMPILER_APPICON_NAME = AppIcon;
				ASSETCATALOG_COMPILER_GLOBAL_ACCENT_COLOR_NAME = AccentColor;
				CODE_SIGN_STYLE = Automatic;
				CURRENT_PROJECT_VERSION = 1;
				DEVELOPMENT_TEAM = "";
				GENERATE_INFOPLIST_FILE = NO;
				INFOPLIST_FILE = AIStockApp/Info.plist;
				IPHONEOS_DEPLOYMENT_TARGET = 16.0;
				LD_RUNPATH_SEARCH_PATHS = (
					"$(inherited)",
					"@executable_path/Frameworks",
				);
				MARKETING_VERSION = 1.0;
				PRODUCT_BUNDLE_IDENTIFIER = com.aistock.app;
				PRODUCT_NAME = "$(TARGET_NAME)";
				SWIFT_EMIT_LOC_STRINGS = YES;
				SWIFT_VERSION = 5.0;
				TARGETED_DEVICE_FAMILY = "1,2";
			};
			name = Release;
		};
/* End XCBuildConfiguration section */

/* Begin XCConfigurationList section */
		AF000001 /* Build configuration list for PBXNativeTarget "AIStockApp" */ = {
			isa = XCConfigurationList;
			buildConfigurations = (
				AF000020 /* Debug */,
				AF000021 /* Release */,
			);
			defaultConfigurationIsVisible = 0;
			defaultConfigurationName = Release;
		};
		AF000002 /* Build configuration list for PBXProject "AIStockApp" */ = {
			isa = XCConfigurationList;
			buildConfigurations = (
				AF000010 /* Debug */,
				AF000011 /* Release */,
			);
			defaultConfigurationIsVisible = 0;
			defaultConfigurationName = Release;
		};
/* End XCConfigurationList section */
	};
	rootObject = AJ000001 /* Project object */;
}
